// !$*UTF8*$!
{
	archiveVersion = 1;
	classes = {
	};
	objectVersion = 55;
	objects = {

/* Begin PBXBuildFile section */
		94166FE627772B82007391AD /* AppDelegate.swift in Sources */ = {isa = PBXBuildFile; fileRef = 94166FE527772B82007391AD /* AppDelegate.swift */; };
		94166FE827772B82007391AD /* SceneDelegate.swift in Sources */ = {isa = PBXBuildFile; fileRef = 94166FE727772B82007391AD /* SceneDelegate.swift */; };
		94166FEA27772B82007391AD /* FoldersViewController.swift in Sources */ = {isa = PBXBuildFile; fileRef = 94166FE927772B82007391AD /* FoldersViewController.swift */; };
		94166FED27772B82007391AD /* Main.storyboard in Resources */ = {isa = PBXBuildFile; fileRef = 94166FEB27772B82007391AD /* Main.storyboard */; };
		94166FEF27772B84007391AD /* Assets.xcassets in Resources */ = {isa = PBXBuildFile; fileRef = 94166FEE27772B84007391AD /* Assets.xcassets */; };
		94166FF227772B84007391AD /* LaunchScreen.storyboard in Resources */ = {isa = PBXBuildFile; fileRef = 94166FF027772B84007391AD /* LaunchScreen.storyboard */; };
		94166FFB27772C3B007391AD /* ApiConnector.swift in Sources */ = {isa = PBXBuildFile; fileRef = 94166FFA27772C3B007391AD /* ApiConnector.swift */; };
		94166FFE27772DE8007391AD /* FoldersModel.swift in Sources */ = {isa = PBXBuildFile; fileRef = 94166FFD27772DE8007391AD /* FoldersModel.swift */; };
		947F54D027784ACC00876FD3 /* FoldersPresenter.swift in Sources */ = {isa = PBXBuildFile; fileRef = 947F54CF27784ACC00876FD3 /* FoldersPresenter.swift */; };
		947F54D427784E4200876FD3 /* SavedViewController.swift in Sources */ = {isa = PBXBuildFile; fileRef = 947F54D327784E4200876FD3 /* SavedViewController.swift */; };
		947F54D627784FAB00876FD3 /* LocationViewController.swift in Sources */ = {isa = PBXBuildFile; fileRef = 947F54D527784FAB00876FD3 /* LocationViewController.swift */; };
		947F54D92778531D00876FD3 /* FoldersTableViewCell.swift in Sources */ = {isa = PBXBuildFile; fileRef = 947F54D82778531D00876FD3 /* FoldersTableViewCell.swift */; };
		947F54DC2778571800876FD3 /* DetailViewController.swift in Sources */ = {isa = PBXBuildFile; fileRef = 947F54DB2778571800876FD3 /* DetailViewController.swift */; };
		947F54DE2778585700876FD3 /* DetailModel.swift in Sources */ = {isa = PBXBuildFile; fileRef = 947F54DD2778585700876FD3 /* DetailModel.swift */; };
		947F54E0277864C400876FD3 /* DetailTableViewCell.swift in Sources */ = {isa = PBXBuildFile; fileRef = 947F54DF277864C400876FD3 /* DetailTableViewCell.swift */; };
		947F54E22778797700876FD3 /* DetailPresenter.swift in Sources */ = {isa = PBXBuildFile; fileRef = 947F54E12778797700876FD3 /* DetailPresenter.swift */; };
		947F54E527787A8A00876FD3 /* DataManagerDelegate.swift in Sources */ = {isa = PBXBuildFile; fileRef = 947F54E427787A8A00876FD3 /* DataManagerDelegate.swift */; };
		947F553E2778A01800876FD3 /* Storage.xcdatamodeld in Sources */ = {isa = PBXBuildFile; fileRef = 947F553C2778A01800876FD3 /* Storage.xcdatamodeld */; };
		947F55492778A4D200876FD3 /* Items+CoreDataClass.swift in Sources */ = {isa = PBXBuildFile; fileRef = 947F55472778A4D200876FD3 /* Items+CoreDataClass.swift */; };
		947F554A2778A4D200876FD3 /* Items+CoreDataProperties.swift in Sources */ = {isa = PBXBuildFile; fileRef = 947F55482778A4D200876FD3 /* Items+CoreDataProperties.swift */; };
/* End PBXBuildFile section */

/* Begin PBXFileReference section */
		94166FE227772B82007391AD /* Tredo.app */ = {isa = PBXFileReference; explicitFileType = wrapper.application; includeInIndex = 0; path = Tredo.app; sourceTree = BUILT_PRODUCTS_DIR; };
		94166FE527772B82007391AD /* AppDelegate.swift */ = {isa = PBXFileReference; lastKnownFileType = sourcecode.swift; path = AppDelegate.swift; sourceTree = "<group>"; };
		94166FE727772B82007391AD /* SceneDelegate.swift */ = {isa = PBXFileReference; lastKnownFileType = sourcecode.swift; path = SceneDelegate.swift; sourceTree = "<group>"; };
		94166FE927772B82007391AD /* FoldersViewController.swift */ = {isa = PBXFileReference; lastKnownFileType = sourcecode.swift; path = FoldersViewController.swift; sourceTree = "<group>"; };
		94166FEC27772B82007391AD /* Base */ = {isa = PBXFileReference; lastKnownFileType = file.storyboard; name = Base; path = Base.lproj/Main.storyboard; sourceTree = "<group>"; };
		94166FEE27772B84007391AD /* Assets.xcassets */ = {isa = PBXFileReference; lastKnownFileType = folder.assetcatalog; path = Assets.xcassets; sourceTree = "<group>"; };
		94166FF127772B84007391AD /* Base */ = {isa = PBXFileReference; lastKnownFileType = file.storyboard; name = Base; path = Base.lproj/LaunchScreen.storyboard; sourceTree = "<group>"; };
		94166FF327772B84007391AD /* Info.plist */ = {isa = PBXFileReference; lastKnownFileType = text.plist.xml; path = Info.plist; sourceTree = "<group>"; };
		94166FFA27772C3B007391AD /* ApiConnector.swift */ = {isa = PBXFileReference; lastKnownFileType = sourcecode.swift; path = ApiConnector.swift; sourceTree = "<group>"; };
		94166FFD27772DE8007391AD /* FoldersModel.swift */ = {isa = PBXFileReference; lastKnownFileType = sourcecode.swift; path = FoldersModel.swift; sourceTree = "<group>"; };
		947F54CF27784ACC00876FD3 /* FoldersPresenter.swift */ = {isa = PBXFileReference; lastKnownFileType = sourcecode.swift; path = FoldersPresenter.swift; sourceTree = "<group>"; };
		947F54D327784E4200876FD3 /* SavedViewController.swift */ = {isa = PBXFileReference; lastKnownFileType = sourcecode.swift; path = SavedViewController.swift; sourceTree = "<group>"; };
		947F54D527784FAB00876FD3 /* LocationViewController.swift */ = {isa = PBXFileReference; lastKnownFileType = sourcecode.swift; path = LocationViewController.swift; sourceTree = "<group>"; };
		947F54D82778531D00876FD3 /* FoldersTableViewCell.swift */ = {isa = PBXFileReference; lastKnownFileType = sourcecode.swift; path = FoldersTableViewCell.swift; sourceTree = "<group>"; };
		947F54DB2778571800876FD3 /* DetailViewController.swift */ = {isa = PBXFileReference; lastKnownFileType = sourcecode.swift; path = DetailViewController.swift; sourceTree = "<group>"; };
		947F54DD2778585700876FD3 /* DetailModel.swift */ = {isa = PBXFileReference; lastKnownFileType = sourcecode.swift; path = DetailModel.swift; sourceTree = "<group>"; };
		947F54DF277864C400876FD3 /* DetailTableViewCell.swift */ = {isa = PBXFileReference; lastKnownFileType = sourcecode.swift; path = DetailTableViewCell.swift; sourceTree = "<group>"; };
		947F54E12778797700876FD3 /* DetailPresenter.swift */ = {isa = PBXFileReference; lastKnownFileType = sourcecode.swift; path = DetailPresenter.swift; sourceTree = "<group>"; };
		947F54E427787A8A00876FD3 /* DataManagerDelegate.swift */ = {isa = PBXFileReference; lastKnownFileType = sourcecode.swift; path = DataManagerDelegate.swift; sourceTree = "<group>"; };
		947F553D2778A01800876FD3 /* Storage.xcdatamodel */ = {isa = PBXFileReference; lastKnownFileType = wrapper.xcdatamodel; path = Storage.xcdatamodel; sourceTree = "<group>"; };
		947F55472778A4D200876FD3 /* Items+CoreDataClass.swift */ = {isa = PBXFileReference; lastKnownFileType = sourcecode.swift; path = "Items+CoreDataClass.swift"; sourceTree = "<group>"; };
		947F55482778A4D200876FD3 /* Items+CoreDataProperties.swift */ = {isa = PBXFileReference; lastKnownFileType = sourcecode.swift; path = "Items+CoreDataProperties.swift"; sourceTree = "<group>"; };
		947F554B2778D27800876FD3 /* Readme.md */ = {isa = PBXFileReference; lastKnownFileType = net.daringfireball.markdown; path = Readme.md; sourceTree = "<group>"; };
/* End PBXFileReference section */

/* Begin PBXFrameworksBuildPhase section */
		94166FDF27772B82007391AD /* Frameworks */ = {
			isa = PBXFrameworksBuildPhase;
			buildActionMask = 2147483647;
			files = (
			);
			runOnlyForDeploymentPostprocessing = 0;
		};
/* End PBXFrameworksBuildPhase section */

/* Begin PBXGroup section */
		94166FD927772B82007391AD = {
			isa = PBXGroup;
			children = (
				94166FE427772B82007391AD /* Tredo */,
				94166FE327772B82007391AD /* Products */,
			);
			sourceTree = "<group>";
		};
		94166FE327772B82007391AD /* Products */ = {
			isa = PBXGroup;
			children = (
				94166FE227772B82007391AD /* Tredo.app */,
			);
			name = Products;
			sourceTree = "<group>";
		};
		94166FE427772B82007391AD /* Tredo */ = {
			isa = PBXGroup;
			children = (
				947F554C2778D46600876FD3 /* DB */,
				947F54E327787A6200876FD3 /* Delegates */,
				947F54DA2778570100876FD3 /* Detail */,
				947F54D7277852F400876FD3 /* Helpers */,
				947F54D227784E2B00876FD3 /* Location */,
				947F54D127784E1500876FD3 /* Saved */,
				94166FFC27772DCD007391AD /* Folders */,
				94166FF927772C10007391AD /* API */,
				94166FEB27772B82007391AD /* Main.storyboard */,
				94166FEE27772B84007391AD /* Assets.xcassets */,
				94166FF027772B84007391AD /* LaunchScreen.storyboard */,
				94166FF327772B84007391AD /* Info.plist */,
				947F554B2778D27800876FD3 /* Readme.md */,
			);
			path = Tredo;
			sourceTree = "<group>";
		};
		94166FF927772C10007391AD /* API */ = {
			isa = PBXGroup;
			children = (
				94166FFA27772C3B007391AD /* ApiConnector.swift */,
			);
			path = API;
			sourceTree = "<group>";
		};
		94166FFC27772DCD007391AD /* Folders */ = {
			isa = PBXGroup;
			children = (
				94166FFD27772DE8007391AD /* FoldersModel.swift */,
				947F54CF27784ACC00876FD3 /* FoldersPresenter.swift */,
				94166FE927772B82007391AD /* FoldersViewController.swift */,
			);
			path = Folders;
			sourceTree = "<group>";
		};
		947F54D127784E1500876FD3 /* Saved */ = {
			isa = PBXGroup;
			children = (
				947F54D327784E4200876FD3 /* SavedViewController.swift */,
			);
			path = Saved;
			sourceTree = "<group>";
		};
		947F54D227784E2B00876FD3 /* Location */ = {
			isa = PBXGroup;
			children = (
				947F54D527784FAB00876FD3 /* LocationViewController.swift */,
			);
			path = Location;
			sourceTree = "<group>";
		};
		947F54D7277852F400876FD3 /* Helpers */ = {
			isa = PBXGroup;
			children = (
				947F54D82778531D00876FD3 /* FoldersTableViewCell.swift */,
				947F54DF277864C400876FD3 /* DetailTableViewCell.swift */,
			);
			path = Helpers;
			sourceTree = "<group>";
		};
		947F54DA2778570100876FD3 /* Detail */ = {
			isa = PBXGroup;
			children = (
				947F54DB2778571800876FD3 /* DetailViewController.swift */,
				947F54DD2778585700876FD3 /* DetailModel.swift */,
				947F54E12778797700876FD3 /* DetailPresenter.swift */,
			);
			path = Detail;
			sourceTree = "<group>";
		};
		947F54E327787A6200876FD3 /* Delegates */ = {
			isa = PBXGroup;
			children = (
				94166FE727772B82007391AD /* SceneDelegate.swift */,
				94166FE527772B82007391AD /* AppDelegate.swift */,
				947F54E427787A8A00876FD3 /* DataManagerDelegate.swift */,
			);
			path = Delegates;
			sourceTree = "<group>";
		};
		947F554C2778D46600876FD3 /* DB */ = {
			isa = PBXGroup;
			children = (
				947F55472778A4D200876FD3 /* Items+CoreDataClass.swift */,
				947F55482778A4D200876FD3 /* Items+CoreDataProperties.swift */,
				947F553C2778A01800876FD3 /* Storage.xcdatamodeld */,
			);
			path = DB;
			sourceTree = "<group>";
		};
/* End PBXGroup section */

/* Begin PBXNativeTarget section */
		94166FE127772B82007391AD /* Tredo */ = {
			isa = PBXNativeTarget;
			buildConfigurationList = 94166FF627772B84007391AD /* Build configuration list for PBXNativeTarget "Tredo" */;
			buildPhases = (
				94166FDE27772B82007391AD /* Sources */,
				94166FDF27772B82007391AD /* Frameworks */,
				94166FE027772B82007391AD /* Resources */,
			);
			buildRules = (
			);
			dependencies = (
			);
			name = Tredo;
			productName = Tredo;
			productReference = 94166FE227772B82007391AD /* Tredo.app */;
			productType = "com.apple.product-type.application";
		};
/* End PBXNativeTarget section */

/* Begin PBXProject section */
		94166FDA27772B82007391AD /* Project object */ = {
			isa = PBXProject;
			attributes = {
				BuildIndependentTargetsInParallel = 1;
				LastSwiftUpdateCheck = 1310;
				LastUpgradeCheck = 1310;
				TargetAttributes = {
					94166FE127772B82007391AD = {
						CreatedOnToolsVersion = 13.1;
					};
				};
			};
			buildConfigurationList = 94166FDD27772B82007391AD /* Build configuration list for PBXProject "Tredo" */;
			compatibilityVersion = "Xcode 13.0";
			developmentRegion = en;
			hasScannedForEncodings = 0;
			knownRegions = (
				en,
				Base,
			);
			mainGroup = 94166FD927772B82007391AD;
			productRefGroup = 94166FE327772B82007391AD /* Products */;
			projectDirPath = "";
			projectRoot = "";
			targets = (
				94166FE127772B82007391AD /* Tredo */,
			);
		};
/* End PBXProject section */

/* Begin PBXResourcesBuildPhase section */
		94166FE027772B82007391AD /* Resources */ = {
			isa = PBXResourcesBuildPhase;
			buildActionMask = 2147483647;
			files = (
				94166FF227772B84007391AD /* LaunchScreen.storyboard in Resources */,
				94166FEF27772B84007391AD /* Assets.xcassets in Resources */,
				94166FED27772B82007391AD /* Main.storyboard in Resources */,
			);
			runOnlyForDeploymentPostprocessing = 0;
		};
/* End PBXResourcesBuildPhase section */

/* Begin PBXSourcesBuildPhase section */
		94166FDE27772B82007391AD /* Sources */ = {
			isa = PBXSourcesBuildPhase;
			buildActionMask = 2147483647;
			files = (
				947F54D92778531D00876FD3 /* FoldersTableViewCell.swift in Sources */,
				947F553E2778A01800876FD3 /* Storage.xcdatamodeld in Sources */,
				947F54D027784ACC00876FD3 /* FoldersPresenter.swift in Sources */,
				94166FEA27772B82007391AD /* FoldersViewController.swift in Sources */,
				947F54D427784E4200876FD3 /* SavedViewController.swift in Sources */,
				947F554A2778A4D200876FD3 /* Items+CoreDataProperties.swift in Sources */,
				94166FE627772B82007391AD /* AppDelegate.swift in Sources */,
				94166FFB27772C3B007391AD /* ApiConnector.swift in Sources */,
				947F54E0277864C400876FD3 /* DetailTableViewCell.swift in Sources */,
				94166FFE27772DE8007391AD /* FoldersModel.swift in Sources */,
				947F54DC2778571800876FD3 /* DetailViewController.swift in Sources */,
				94166FE827772B82007391AD /* SceneDelegate.swift in Sources */,
				947F54E527787A8A00876FD3 /* DataManagerDelegate.swift in Sources */,
				947F54E22778797700876FD3 /* DetailPresenter.swift in Sources */,
				947F54DE2778585700876FD3 /* DetailModel.swift in Sources */,
				947F54D627784FAB00876FD3 /* LocationViewController.swift in Sources */,
				947F55492778A4D200876FD3 /* Items+CoreDataClass.swift in Sources */,
			);
			runOnlyForDeploymentPostprocessing = 0;
		};
/* End PBXSourcesBuildPhase section */

/* Begin PBXVariantGroup section */
		94166FEB27772B82007391AD /* Main.storyboard */ = {
			isa = PBXVariantGroup;
			children = (
				94166FEC27772B82007391AD /* Base */,
			);
			name = Main.storyboard;
			sourceTree = "<group>";
		};
		94166FF027772B84007391AD /* LaunchScreen.storyboard */ = {
			isa = PBXVariantGroup;
			children = (
				94166FF127772B84007391AD /* Base */,
			);
			name = LaunchScreen.storyboard;
			sourceTree = "<group>";
		};
/* End PBXVariantGroup section */

/* Begin XCBuildConfiguration section */
		94166FF427772B84007391AD /* Debug */ = {
			isa = XCBuildConfiguration;
			buildSettings = {
				ALWAYS_SEARCH_USER_PATHS = NO;
				CLANG_ANALYZER_NONNULL = YES;
				CLANG_ANALYZER_NUMBER_OBJECT_CONVERSION = YES_AGGRESSIVE;
				CLANG_CXX_LANGUAGE_STANDARD = "gnu++17";
				CLANG_CXX_LIBRARY = "libc++";
				CLANG_ENABLE_MODULES = YES;
				CLANG_ENABLE_OBJC_ARC = YES;
				CLANG_ENABLE_OBJC_WEAK = YES;
				CLANG_WARN_BLOCK_CAPTURE_AUTORELEASING = YES;
				CLANG_WARN_BOOL_CONVERSION = YES;
				CLANG_WARN_COMMA = YES;
				CLANG_WARN_CONSTANT_CONVERSION = YES;
				CLANG_WARN_DEPRECATED_OBJC_IMPLEMENTATIONS = YES;
				CLANG_WARN_DIRECT_OBJC_ISA_USAGE = YES_ERROR;
				CLANG_WARN_DOCUMENTATION_COMMENTS = YES;
				CLANG_WARN_EMPTY_BODY = YES;
				CLANG_WARN_ENUM_CONVERSION = YES;
				CLANG_WARN_INFINITE_RECURSION = YES;
				CLANG_WARN_INT_CONVERSION = YES;
				CLANG_WARN_NON_LITERAL_NULL_CONVERSION = YES;
				CLANG_WARN_OBJC_IMPLICIT_RETAIN_SELF = YES;
				CLANG_WARN_OBJC_LITERAL_CONVERSION = YES;
				CLANG_WARN_OBJC_ROOT_CLASS = YES_ERROR;
				CLANG_WARN_QUOTED_INCLUDE_IN_FRAMEWORK_HEADER = YES;
				CLANG_WARN_RANGE_LOOP_ANALYSIS = YES;
				CLANG_WARN_STRICT_PROTOTYPES = YES;
				CLANG_WARN_SUSPICIOUS_MOVE = YES;
				CLANG_WARN_UNGUARDED_AVAILABILITY = YES_AGGRESSIVE;
				CLANG_WARN_UNREACHABLE_CODE = YES;
				CLANG_WARN__DUPLICATE_METHOD_MATCH = YES;
				COPY_PHASE_STRIP = NO;
				DEBUG_INFORMATION_FORMAT = dwarf;
				ENABLE_STRICT_OBJC_MSGSEND = YES;
				ENABLE_TESTABILITY = YES;
				GCC_C_LANGUAGE_STANDARD = gnu11;
				GCC_DYNAMIC_NO_PIC = NO;
				GCC_NO_COMMON_BLOCKS = YES;
				GCC_OPTIMIZATION_LEVEL = 0;
				GCC_PREPROCESSOR_DEFINITIONS = (
					"DEBUG=1",
					"$(inherited)",
				);
				GCC_WARN_64_TO_32_BIT_CONVERSION = YES;
				GCC_WARN_ABOUT_RETURN_TYPE = YES_ERROR;
				GCC_WARN_UNDECLARED_SELECTOR = YES;
				GCC_WARN_UNINITIALIZED_AUTOS = YES_AGGRESSIVE;
				GCC_WARN_UNUSED_FUNCTION = YES;
				GCC_WARN_UNUSED_VARIABLE = YES;
				IPHONEOS_DEPLOYMENT_TARGET = 15.0;
				MTL_ENABLE_DEBUG_INFO = INCLUDE_SOURCE;
				MTL_FAST_MATH = YES;
				ONLY_ACTIVE_ARCH = YES;
				SDKROOT = iphoneos;
				SWIFT_ACTIVE_COMPILATION_CONDITIONS = DEBUG;
				SWIFT_OPTIMIZATION_LEVEL = "-Onone";
			};
			name = Debug;
		};
		94166FF527772B84007391AD /* Release */ = {
			isa = XCBuildConfiguration;
			buildSettings = {
				ALWAYS_SEARCH_USER_PATHS = NO;
				CLANG_ANALYZER_NONNULL = YES;
				CLANG_ANALYZER_NUMBER_OBJECT_CONVERSION = YES_AGGRESSIVE;
				CLANG_CXX_LANGUAGE_STANDARD = "gnu++17";
				CLANG_CXX_LIBRARY = "libc++";
				CLANG_ENABLE_MODULES = YES;
				CLANG_ENABLE_OBJC_ARC = YES;
				CLANG_ENABLE_OBJC_WEAK = YES;
				CLANG_WARN_BLOCK_CAPTURE_AUTORELEASING = YES;
				CLANG_WARN_BOOL_CONVERSION = YES;
				CLANG_WARN_COMMA = YES;
				CLANG_WARN_CONSTANT_CONVERSION = YES;
				CLANG_WARN_DEPRECATED_OBJC_IMPLEMENTATIONS = YES;
				CLANG_WARN_DIRECT_OBJC_ISA_USAGE = YES_ERROR;
				CLANG_WARN_DOCUMENTATION_COMMENTS = YES;
				CLANG_WARN_EMPTY_BODY = YES;
				CLANG_WARN_ENUM_CONVERSION = YES;
				CLANG_WARN_INFINITE_RECURSION = YES;
				CLANG_WARN_INT_CONVERSION = YES;
				CLANG_WARN_NON_LITERAL_NULL_CONVERSION = YES;
				CLANG_WARN_OBJC_IMPLICIT_RETAIN_SELF = YES;
				CLANG_WARN_OBJC_LITERAL_CONVERSION = YES;
				CLANG_WARN_OBJC_ROOT_CLASS = YES_ERROR;
				CLANG_WARN_QUOTED_INCLUDE_IN_FRAMEWORK_HEADER = YES;
				CLANG_WARN_RANGE_LOOP_ANALYSIS = YES;
				CLANG_WARN_STRICT_PROTOTYPES = YES;
				CLANG_WARN_SUSPICIOUS_MOVE = YES;
				CLANG_WARN_UNGUARDED_AVAILABILITY = YES_AGGRESSIVE;
				CLANG_WARN_UNREACHABLE_CODE = YES;
				CLANG_WARN__DUPLICATE_METHOD_MATCH = YES;
				COPY_PHASE_STRIP = NO;
				DEBUG_INFORMATION_FORMAT = "dwarf-with-dsym";
				ENABLE_NS_ASSERTIONS = NO;
				ENABLE_STRICT_OBJC_MSGSEND = YES;
				GCC_C_LANGUAGE_STANDARD = gnu11;
				GCC_NO_COMMON_BLOCKS = YES;
				GCC_WARN_64_TO_32_BIT_CONVERSION = YES;
				GCC_WARN_ABOUT_RETURN_TYPE = YES_ERROR;
				GCC_WARN_UNDECLARED_SELECTOR = YES;
				GCC_WARN_UNINITIALIZED_AUTOS = YES_AGGRESSIVE;
				GCC_WARN_UNUSED_FUNCTION = YES;
				GCC_WARN_UNUSED_VARIABLE = YES;
				IPHONEOS_DEPLOYMENT_TARGET = 15.0;
				MTL_ENABLE_DEBUG_INFO = NO;
				MTL_FAST_MATH = YES;
				SDKROOT = iphoneos;
				SWIFT_COMPILATION_MODE = wholemodule;
				SWIFT_OPTIMIZATION_LEVEL = "-O";
				VALIDATE_PRODUCT = YES;
			};
			name = Release;
		};
		94166FF727772B84007391AD /* Debug */ = {
			isa = XCBuildConfiguration;
			buildSettings = {
				ASSETCATALOG_COMPILER_APPICON_NAME = AppIcon;
				ASSETCATALOG_COMPILER_GLOBAL_ACCENT_COLOR_NAME = AccentColor;
				CODE_SIGN_STYLE = Automatic;
				CURRENT_PROJECT_VERSION = 1;
				DEVELOPMENT_TEAM = G787UQ2N7J;
				GENERATE_INFOPLIST_FILE = YES;
				INFOPLIST_FILE = Tredo/Info.plist;
				INFOPLIST_KEY_NSLocationAlwaysAndWhenInUseUsageDescription = "Big bro is watching for you";
				INFOPLIST_KEY_NSLocationWhenInUseUsageDescription = "Big bro is watching for you";
				INFOPLIST_KEY_UIApplicationSupportsIndirectInputEvents = YES;
				INFOPLIST_KEY_UILaunchStoryboardName = LaunchScreen;
				INFOPLIST_KEY_UIMainStoryboardFile = Main;
				INFOPLIST_KEY_UISupportedInterfaceOrientations_iPad = "UIInterfaceOrientationPortrait UIInterfaceOrientationPortraitUpsideDown UIInterfaceOrientationLandscapeLeft UIInterfaceOrientationLandscapeRight";
				INFOPLIST_KEY_UISupportedInterfaceOrientations_iPhone = "UIInterfaceOrientationPortrait UIInterfaceOrientationLandscapeLeft UIInterfaceOrientationLandscapeRight";
				LD_RUNPATH_SEARCH_PATHS = (
					"$(inherited)",
					"@executable_path/Frameworks",
				);
				MARKETING_VERSION = 1.0;
				PRODUCT_BUNDLE_IDENTIFIER = FoxTail.Tredo;
				PRODUCT_NAME = "$(TARGET_NAME)";
				SWIFT_EMIT_LOC_STRINGS = YES;
				SWIFT_VERSION = 5.0;
				TARGETED_DEVICE_FAMILY = "1,2";
			};
			name = Debug;
		};
		94166FF827772B84007391AD /* Release */ = {
			isa = XCBuildConfiguration;
			buildSettings = {
				ASSETCATALOG_COMPILER_APPICON_NAME = AppIcon;
				ASSETCATALOG_COMPILER_GLOBAL_ACCENT_COLOR_NAME = AccentColor;
				CODE_SIGN_STYLE = Automatic;
				CURRENT_PROJECT_VERSION = 1;
				DEVELOPMENT_TEAM = G787UQ2N7J;
				GENERATE_INFOPLIST_FILE = YES;
				INFOPLIST_FILE = Tredo/Info.plist;
				INFOPLIST_KEY_NSLocationAlwaysAndWhenInUseUsageDescription = "Big bro is watching for you";
				INFOPLIST_KEY_NSLocationWhenInUseUsageDescription = "Big bro is watching for you";
				INFOPLIST_KEY_UIApplicationSupportsIndirectInputEvents = YES;
				INFOPLIST_KEY_UILaunchStoryboardName = LaunchScreen;
				INFOPLIST_KEY_UIMainStoryboardFile = Main;
				INFOPLIST_KEY_UISupportedInterfaceOrientations_iPad = "UIInterfaceOrientationPortrait UIInterfaceOrientationPortraitUpsideDown UIInterfaceOrientationLandscapeLeft UIInterfaceOrientationLandscapeRight";
				INFOPLIST_KEY_UISupportedInterfaceOrientations_iPhone = "UIInterfaceOrientationPortrait UIInterfaceOrientationLandscapeLeft UIInterfaceOrientationLandscapeRight";
				LD_RUNPATH_SEARCH_PATHS = (
					"$(inherited)",
					"@executable_path/Frameworks",
				);
				MARKETING_VERSION = 1.0;
				PRODUCT_BUNDLE_IDENTIFIER = FoxTail.Tredo;
				PRODUCT_NAME = "$(TARGET_NAME)";
				SWIFT_EMIT_LOC_STRINGS = YES;
				SWIFT_VERSION = 5.0;
				TARGETED_DEVICE_FAMILY = "1,2";
			};
			name = Release;
		};
/* End XCBuildConfiguration section */

/* Begin XCConfigurationList section */
		94166FDD27772B82007391AD /* Build configuration list for PBXProject "Tredo" */ = {
			isa = XCConfigurationList;
			buildConfigurations = (
				94166FF427772B84007391AD /* Debug */,
				94166FF527772B84007391AD /* Release */,
			);
			defaultConfigurationIsVisible = 0;
			defaultConfigurationName = Release;
		};
		94166FF627772B84007391AD /* Build configuration list for PBXNativeTarget "Tredo" */ = {
			isa = XCConfigurationList;
			buildConfigurations = (
				94166FF727772B84007391AD /* Debug */,
				94166FF827772B84007391AD /* Release */,
			);
			defaultConfigurationIsVisible = 0;
			defaultConfigurationName = Release;
		};
/* End XCConfigurationList section */

/* Begin XCVersionGroup section */
		947F553C2778A01800876FD3 /* Storage.xcdatamodeld */ = {
			isa = XCVersionGroup;
			children = (
				947F553D2778A01800876FD3 /* Storage.xcdatamodel */,
			);
			currentVersion = 947F553D2778A01800876FD3 /* Storage.xcdatamodel */;
			path = Storage.xcdatamodeld;
			sourceTree = "<group>";
			versionGroupType = wrapper.xcdatamodel;
		};
/* End XCVersionGroup section */
	};
	rootObject = 94166FDA27772B82007391AD /* Project object */;
}
